// !$*UTF8*$!
{
	archiveVersion = 1;
	classes = {
	};
	objectVersion = 46;
	objects = {

/* Begin PBXBuildFile section */
		E40AE3EF1B2866AB003E8238 /* Filho+CoreDataProperties.swift in Sources */ = {isa = PBXBuildFile; fileRef = E40AE3ED1B2866AB003E8238 /* Filho+CoreDataProperties.swift */; };
		E40AE3F01B2866AB003E8238 /* Filho.swift in Sources */ = {isa = PBXBuildFile; fileRef = E40AE3EE1B2866AB003E8238 /* Filho.swift */; };
		E40AE3F31B2866AB003E8238 /* Vacina+CoreDataProperties.swift in Sources */ = {isa = PBXBuildFile; fileRef = E40AE3F11B2866AB003E8238 /* Vacina+CoreDataProperties.swift */; };
		E40AE3F41B2866AB003E8238 /* Vacina.swift in Sources */ = {isa = PBXBuildFile; fileRef = E40AE3F21B2866AB003E8238 /* Vacina.swift */; };
		E4C9EF0F1B28633A0029B94C /* AppDelegate.swift in Sources */ = {isa = PBXBuildFile; fileRef = E4C9EF0E1B28633A0029B94C /* AppDelegate.swift */; };
		E4C9EF111B28633A0029B94C /* ViewController.swift in Sources */ = {isa = PBXBuildFile; fileRef = E4C9EF101B28633A0029B94C /* ViewController.swift */; };
		E4C9EF141B28633A0029B94C /* Main.storyboard in Resources */ = {isa = PBXBuildFile; fileRef = E4C9EF121B28633A0029B94C /* Main.storyboard */; };
		E4C9EF171B28633A0029B94C /* Vaccine.xcdatamodeld in Sources */ = {isa = PBXBuildFile; fileRef = E4C9EF151B28633A0029B94C /* Vaccine.xcdatamodeld */; };
		E4C9EF191B28633A0029B94C /* Assets.xcassets in Resources */ = {isa = PBXBuildFile; fileRef = E4C9EF181B28633A0029B94C /* Assets.xcassets */; };
		E4C9EF271B28633A0029B94C /* VaccineTests.swift in Sources */ = {isa = PBXBuildFile; fileRef = E4C9EF261B28633A0029B94C /* VaccineTests.swift */; };
		E4C9EF321B28633A0029B94C /* VaccineUITests.swift in Sources */ = {isa = PBXBuildFile; fileRef = E4C9EF311B28633A0029B94C /* VaccineUITests.swift */; };
		E4C9EF411B2863CA0029B94C /* CoreData.swift in Sources */ = {isa = PBXBuildFile; fileRef = E4C9EF401B2863CA0029B94C /* CoreData.swift */; };
/* End PBXBuildFile section */

/* Begin PBXContainerItemProxy section */
		E4C9EF231B28633A0029B94C /* PBXContainerItemProxy */ = {
			isa = PBXContainerItemProxy;
			containerPortal = E4C9EF031B28633A0029B94C /* Project object */;
			proxyType = 1;
			remoteGlobalIDString = E4C9EF0A1B28633A0029B94C;
			remoteInfo = Vaccine;
		};
		E4C9EF2E1B28633A0029B94C /* PBXContainerItemProxy */ = {
			isa = PBXContainerItemProxy;
			containerPortal = E4C9EF031B28633A0029B94C /* Project object */;
			proxyType = 1;
			remoteGlobalIDString = E4C9EF0A1B28633A0029B94C;
			remoteInfo = Vaccine;
		};
/* End PBXContainerItemProxy section */

/* Begin PBXFileReference section */
		E40AE3ED1B2866AB003E8238 /* Filho+CoreDataProperties.swift */ = {isa = PBXFileReference; fileEncoding = 4; lastKnownFileType = sourcecode.swift; path = "Filho+CoreDataProperties.swift"; sourceTree = "<group>"; };
		E40AE3EE1B2866AB003E8238 /* Filho.swift */ = {isa = PBXFileReference; fileEncoding = 4; lastKnownFileType = sourcecode.swift; path = Filho.swift; sourceTree = "<group>"; };
		E40AE3F11B2866AB003E8238 /* Vacina+CoreDataProperties.swift */ = {isa = PBXFileReference; fileEncoding = 4; lastKnownFileType = sourcecode.swift; path = "Vacina+CoreDataProperties.swift"; sourceTree = "<group>"; };
		E40AE3F21B2866AB003E8238 /* Vacina.swift */ = {isa = PBXFileReference; fileEncoding = 4; lastKnownFileType = sourcecode.swift; path = Vacina.swift; sourceTree = "<group>"; };
		E4C9EF0B1B28633A0029B94C /* Vaccine.app */ = {isa = PBXFileReference; explicitFileType = wrapper.application; includeInIndex = 0; path = Vaccine.app; sourceTree = BUILT_PRODUCTS_DIR; };
		E4C9EF0E1B28633A0029B94C /* AppDelegate.swift */ = {isa = PBXFileReference; lastKnownFileType = sourcecode.swift; path = AppDelegate.swift; sourceTree = "<group>"; };
		E4C9EF101B28633A0029B94C /* ViewController.swift */ = {isa = PBXFileReference; lastKnownFileType = sourcecode.swift; path = ViewController.swift; sourceTree = "<group>"; };
		E4C9EF131B28633A0029B94C /* Base */ = {isa = PBXFileReference; lastKnownFileType = file.storyboard; name = Base; path = Base.lproj/Main.storyboard; sourceTree = "<group>"; };
		E4C9EF161B28633A0029B94C /* Vaccine.xcdatamodel */ = {isa = PBXFileReference; lastKnownFileType = wrapper.xcdatamodel; path = Vaccine.xcdatamodel; sourceTree = "<group>"; };
		E4C9EF181B28633A0029B94C /* Assets.xcassets */ = {isa = PBXFileReference; lastKnownFileType = folder.assetcatalog; path = Assets.xcassets; sourceTree = "<group>"; };
		E4C9EF1D1B28633A0029B94C /* Info.plist */ = {isa = PBXFileReference; lastKnownFileType = text.plist.xml; path = Info.plist; sourceTree = "<group>"; };
		E4C9EF221B28633A0029B94C /* VaccineTests.xctest */ = {isa = PBXFileReference; explicitFileType = wrapper.cfbundle; includeInIndex = 0; path = VaccineTests.xctest; sourceTree = BUILT_PRODUCTS_DIR; };
		E4C9EF261B28633A0029B94C /* VaccineTests.swift */ = {isa = PBXFileReference; lastKnownFileType = sourcecode.swift; path = VaccineTests.swift; sourceTree = "<group>"; };
		E4C9EF281B28633A0029B94C /* Info.plist */ = {isa = PBXFileReference; lastKnownFileType = text.plist.xml; path = Info.plist; sourceTree = "<group>"; };
		E4C9EF2D1B28633A0029B94C /* VaccineUITests.xctest */ = {isa = PBXFileReference; explicitFileType = wrapper.cfbundle; includeInIndex = 0; path = VaccineUITests.xctest; sourceTree = BUILT_PRODUCTS_DIR; };
		E4C9EF311B28633A0029B94C /* VaccineUITests.swift */ = {isa = PBXFileReference; lastKnownFileType = sourcecode.swift; path = VaccineUITests.swift; sourceTree = "<group>"; };
		E4C9EF331B28633A0029B94C /* Info.plist */ = {isa = PBXFileReference; lastKnownFileType = text.plist.xml; path = Info.plist; sourceTree = "<group>"; };
		E4C9EF401B2863CA0029B94C /* CoreData.swift */ = {isa = PBXFileReference; fileEncoding = 4; lastKnownFileType = sourcecode.swift; path = CoreData.swift; sourceTree = "<group>"; };
/* End PBXFileReference section */

/* Begin PBXFrameworksBuildPhase section */
		E4C9EF081B28633A0029B94C /* Frameworks */ = {
			isa = PBXFrameworksBuildPhase;
			buildActionMask = 2147483647;
			files = (
			);
			runOnlyForDeploymentPostprocessing = 0;
		};
		E4C9EF1F1B28633A0029B94C /* Frameworks */ = {
			isa = PBXFrameworksBuildPhase;
			buildActionMask = 2147483647;
			files = (
			);
			runOnlyForDeploymentPostprocessing = 0;
		};
		E4C9EF2A1B28633A0029B94C /* Frameworks */ = {
			isa = PBXFrameworksBuildPhase;
			buildActionMask = 2147483647;
			files = (
			);
			runOnlyForDeploymentPostprocessing = 0;
		};
/* End PBXFrameworksBuildPhase section */

/* Begin PBXGroup section */
		E4C9EF021B28633A0029B94C = {
			isa = PBXGroup;
			children = (
				E4C9EF0D1B28633A0029B94C /* Vaccine */,
				E4C9EF251B28633A0029B94C /* VaccineTests */,
				E4C9EF301B28633A0029B94C /* VaccineUITests */,
				E4C9EF0C1B28633A0029B94C /* Products */,
			);
			sourceTree = "<group>";
		};
		E4C9EF0C1B28633A0029B94C /* Products */ = {
			isa = PBXGroup;
			children = (
				E4C9EF0B1B28633A0029B94C /* Vaccine.app */,
				E4C9EF221B28633A0029B94C /* VaccineTests.xctest */,
				E4C9EF2D1B28633A0029B94C /* VaccineUITests.xctest */,
			);
			name = Products;
			sourceTree = "<group>";
		};
		E4C9EF0D1B28633A0029B94C /* Vaccine */ = {
			isa = PBXGroup;
			children = (
				E4C9EF3F1B2863A40029B94C /* CoreData */,
				E4C9EF0E1B28633A0029B94C /* AppDelegate.swift */,
				E4C9EF101B28633A0029B94C /* ViewController.swift */,
				E4C9EF121B28633A0029B94C /* Main.storyboard */,
				E4C9EF181B28633A0029B94C /* Assets.xcassets */,
				E4C9EF1D1B28633A0029B94C /* Info.plist */,
			);
			path = Vaccine;
			sourceTree = "<group>";
		};
		E4C9EF251B28633A0029B94C /* VaccineTests */ = {
			isa = PBXGroup;
			children = (
				E4C9EF261B28633A0029B94C /* VaccineTests.swift */,
				E4C9EF281B28633A0029B94C /* Info.plist */,
			);
			path = VaccineTests;
			sourceTree = "<group>";
		};
		E4C9EF301B28633A0029B94C /* VaccineUITests */ = {
			isa = PBXGroup;
			children = (
				E4C9EF311B28633A0029B94C /* VaccineUITests.swift */,
				E4C9EF331B28633A0029B94C /* Info.plist */,
			);
			path = VaccineUITests;
			sourceTree = "<group>";
		};
		E4C9EF3F1B2863A40029B94C /* CoreData */ = {
			isa = PBXGroup;
			children = (
				E4C9EF151B28633A0029B94C /* Vaccine.xcdatamodeld */,
				E4C9EF401B2863CA0029B94C /* CoreData.swift */,
				E40AE3F11B2866AB003E8238 /* Vacina+CoreDataProperties.swift */,
				E40AE3F21B2866AB003E8238 /* Vacina.swift */,
				E40AE3ED1B2866AB003E8238 /* Filho+CoreDataProperties.swift */,
				E40AE3EE1B2866AB003E8238 /* Filho.swift */,
			);
			name = CoreData;
			sourceTree = "<group>";
		};
/* End PBXGroup section */

/* Begin PBXNativeTarget section */
		E4C9EF0A1B28633A0029B94C /* Vaccine */ = {
			isa = PBXNativeTarget;
			buildConfigurationList = E4C9EF361B28633A0029B94C /* Build configuration list for PBXNativeTarget "Vaccine" */;
			buildPhases = (
				E4C9EF071B28633A0029B94C /* Sources */,
				E4C9EF081B28633A0029B94C /* Frameworks */,
				E4C9EF091B28633A0029B94C /* Resources */,
			);
			buildRules = (
			);
			dependencies = (
			);
			name = Vaccine;
			productName = Vaccine;
			productReference = E4C9EF0B1B28633A0029B94C /* Vaccine.app */;
			productType = "com.apple.product-type.application";
		};
		E4C9EF211B28633A0029B94C /* VaccineTests */ = {
			isa = PBXNativeTarget;
			buildConfigurationList = E4C9EF391B28633A0029B94C /* Build configuration list for PBXNativeTarget "VaccineTests" */;
			buildPhases = (
				E4C9EF1E1B28633A0029B94C /* Sources */,
				E4C9EF1F1B28633A0029B94C /* Frameworks */,
				E4C9EF201B28633A0029B94C /* Resources */,
			);
			buildRules = (
			);
			dependencies = (
				E4C9EF241B28633A0029B94C /* PBXTargetDependency */,
			);
			name = VaccineTests;
			productName = VaccineTests;
			productReference = E4C9EF221B28633A0029B94C /* VaccineTests.xctest */;
			productType = "com.apple.product-type.bundle.unit-test";
		};
		E4C9EF2C1B28633A0029B94C /* VaccineUITests */ = {
			isa = PBXNativeTarget;
			buildConfigurationList = E4C9EF3C1B28633A0029B94C /* Build configuration list for PBXNativeTarget "VaccineUITests" */;
			buildPhases = (
				E4C9EF291B28633A0029B94C /* Sources */,
				E4C9EF2A1B28633A0029B94C /* Frameworks */,
				E4C9EF2B1B28633A0029B94C /* Resources */,
			);
			buildRules = (
			);
			dependencies = (
				E4C9EF2F1B28633A0029B94C /* PBXTargetDependency */,
			);
			name = VaccineUITests;
			productName = VaccineUITests;
			productReference = E4C9EF2D1B28633A0029B94C /* VaccineUITests.xctest */;
			productType = "com.apple.product-type.bundle.ui-testing";
		};
/* End PBXNativeTarget section */

/* Begin PBXProject section */
		E4C9EF031B28633A0029B94C /* Project object */ = {
			isa = PBXProject;
			attributes = {
				LastUpgradeCheck = 0700;
				ORGANIZATIONNAME = "Mobile Engineers";
				TargetAttributes = {
					E4C9EF0A1B28633A0029B94C = {
						CreatedOnToolsVersion = 7.0;
					};
					E4C9EF211B28633A0029B94C = {
						CreatedOnToolsVersion = 7.0;
						TestTargetID = E4C9EF0A1B28633A0029B94C;
					};
					E4C9EF2C1B28633A0029B94C = {
						CreatedOnToolsVersion = 7.0;
						TestTargetID = E4C9EF0A1B28633A0029B94C;
					};
				};
			};
			buildConfigurationList = E4C9EF061B28633A0029B94C /* Build configuration list for PBXProject "Vaccine" */;
			compatibilityVersion = "Xcode 3.2";
			developmentRegion = English;
			hasScannedForEncodings = 0;
			knownRegions = (
				en,
				Base,
			);
			mainGroup = E4C9EF021B28633A0029B94C;
			productRefGroup = E4C9EF0C1B28633A0029B94C /* Products */;
			projectDirPath = "";
			projectRoot = "";
			targets = (
				E4C9EF0A1B28633A0029B94C /* Vaccine */,
				E4C9EF211B28633A0029B94C /* VaccineTests */,
				E4C9EF2C1B28633A0029B94C /* VaccineUITests */,
			);
		};
/* End PBXProject section */

/* Begin PBXResourcesBuildPhase section */
		E4C9EF091B28633A0029B94C /* Resources */ = {
			isa = PBXResourcesBuildPhase;
			buildActionMask = 2147483647;
			files = (
				E4C9EF191B28633A0029B94C /* Assets.xcassets in Resources */,
				E4C9EF141B28633A0029B94C /* Main.storyboard in Resources */,
			);
			runOnlyForDeploymentPostprocessing = 0;
		};
		E4C9EF201B28633A0029B94C /* Resources */ = {
			isa = PBXResourcesBuildPhase;
			buildActionMask = 2147483647;
			files = (
			);
			runOnlyForDeploymentPostprocessing = 0;
		};
		E4C9EF2B1B28633A0029B94C /* Resources */ = {
			isa = PBXResourcesBuildPhase;
			buildActionMask = 2147483647;
			files = (
			);
			runOnlyForDeploymentPostprocessing = 0;
		};
/* End PBXResourcesBuildPhase section */

/* Begin PBXSourcesBuildPhase section */
		E4C9EF071B28633A0029B94C /* Sources */ = {
			isa = PBXSourcesBuildPhase;
			buildActionMask = 2147483647;
			files = (
				E4C9EF411B2863CA0029B94C /* CoreData.swift in Sources */,
				E40AE3F41B2866AB003E8238 /* Vacina.swift in Sources */,
				E4C9EF111B28633A0029B94C /* ViewController.swift in Sources */,
				E4C9EF171B28633A0029B94C /* Vaccine.xcdatamodeld in Sources */,
				E40AE3F31B2866AB003E8238 /* Vacina+CoreDataProperties.swift in Sources */,
				E4C9EF0F1B28633A0029B94C /* AppDelegate.swift in Sources */,
				E40AE3F01B2866AB003E8238 /* Filho.swift in Sources */,
				E40AE3EF1B2866AB003E8238 /* Filho+CoreDataProperties.swift in Sources */,
			);
			runOnlyForDeploymentPostprocessing = 0;
		};
		E4C9EF1E1B28633A0029B94C /* Sources */ = {
			isa = PBXSourcesBuildPhase;
			buildActionMask = 2147483647;
			files = (
				E4C9EF271B28633A0029B94C /* VaccineTests.swift in Sources */,
			);
			runOnlyForDeploymentPostprocessing = 0;
		};
		E4C9EF291B28633A0029B94C /* Sources */ = {
			isa = PBXSourcesBuildPhase;
			buildActionMask = 2147483647;
			files = (
				E4C9EF321B28633A0029B94C /* VaccineUITests.swift in Sources */,
			);
			runOnlyForDeploymentPostprocessing = 0;
		};
/* End PBXSourcesBuildPhase section */

/* Begin PBXTargetDependency section */
		E4C9EF241B28633A0029B94C /* PBXTargetDependency */ = {
			isa = PBXTargetDependency;
			target = E4C9EF0A1B28633A0029B94C /* Vaccine */;
			targetProxy = E4C9EF231B28633A0029B94C /* PBXContainerItemProxy */;
		};
		E4C9EF2F1B28633A0029B94C /* PBXTargetDependency */ = {
			isa = PBXTargetDependency;
			target = E4C9EF0A1B28633A0029B94C /* Vaccine */;
			targetProxy = E4C9EF2E1B28633A0029B94C /* PBXContainerItemProxy */;
		};
/* End PBXTargetDependency section */

/* Begin PBXVariantGroup section */
		E4C9EF121B28633A0029B94C /* Main.storyboard */ = {
			isa = PBXVariantGroup;
			children = (
				E4C9EF131B28633A0029B94C /* Base */,
			);
			name = Main.storyboard;
			sourceTree = "<group>";
		};
/* End PBXVariantGroup section */

/* Begin XCBuildConfiguration section */
		E4C9EF341B28633A0029B94C /* Debug */ = {
			isa = XCBuildConfiguration;
			buildSettings = {
				ALWAYS_SEARCH_USER_PATHS = NO;
				CLANG_CXX_LANGUAGE_STANDARD = "gnu++0x";
				CLANG_CXX_LIBRARY = "libc++";
				CLANG_ENABLE_MODULES = YES;
				CLANG_ENABLE_OBJC_ARC = YES;
				CLANG_WARN_BOOL_CONVERSION = YES;
				CLANG_WARN_CONSTANT_CONVERSION = YES;
				CLANG_WARN_DIRECT_OBJC_ISA_USAGE = YES_ERROR;
				CLANG_WARN_EMPTY_BODY = YES;
				CLANG_WARN_ENUM_CONVERSION = YES;
				CLANG_WARN_INT_CONVERSION = YES;
				CLANG_WARN_OBJC_ROOT_CLASS = YES_ERROR;
				CLANG_WARN_UNREACHABLE_CODE = YES;
				CLANG_WARN__DUPLICATE_METHOD_MATCH = YES;
				"CODE_SIGN_IDENTITY[sdk=iphoneos*]" = "iPhone Developer";
				COPY_PHASE_STRIP = NO;
				DEBUG_INFORMATION_FORMAT = dwarf;
				ENABLE_STRICT_OBJC_MSGSEND = YES;
				ENABLE_TESTABILITY = YES;
				GCC_C_LANGUAGE_STANDARD = gnu99;
				GCC_DYNAMIC_NO_PIC = NO;
				GCC_NO_COMMON_BLOCKS = YES;
				GCC_OPTIMIZATION_LEVEL = 0;
				GCC_PREPROCESSOR_DEFINITIONS = (
					"DEBUG=1",
					"$(inherited)",
				);
				GCC_WARN_64_TO_32_BIT_CONVERSION = YES;
				GCC_WARN_ABOUT_RETURN_TYPE = YES_ERROR;
				GCC_WARN_UNDECLARED_SELECTOR = YES;
				GCC_WARN_UNINITIALIZED_AUTOS = YES_AGGRESSIVE;
				GCC_WARN_UNUSED_FUNCTION = YES;
				GCC_WARN_UNUSED_VARIABLE = YES;
				IPHONEOS_DEPLOYMENT_TARGET = 9.0;
				MTL_ENABLE_DEBUG_INFO = YES;
				ONLY_ACTIVE_ARCH = YES;
				SDKROOT = iphoneos;
				SWIFT_OPTIMIZATION_LEVEL = "-Onone";
			};
			name = Debug;
		};
		E4C9EF351B28633A0029B94C /* Release */ = {
			isa = XCBuildConfiguration;
			buildSettings = {
				ALWAYS_SEARCH_USER_PATHS = NO;
				CLANG_CXX_LANGUAGE_STANDARD = "gnu++0x";
				CLANG_CXX_LIBRARY = "libc++";
				CLANG_ENABLE_MODULES = YES;
				CLANG_ENABLE_OBJC_ARC = YES;
				CLANG_WARN_BOOL_CONVERSION = YES;
				CLANG_WARN_CONSTANT_CONVERSION = YES;
				CLANG_WARN_DIRECT_OBJC_ISA_USAGE = YES_ERROR;
				CLANG_WARN_EMPTY_BODY = YES;
				CLANG_WARN_ENUM_CONVERSION = YES;
				CLANG_WARN_INT_CONVERSION = YES;
				CLANG_WARN_OBJC_ROOT_CLASS = YES_ERROR;
				CLANG_WARN_UNREACHABLE_CODE = YES;
				CLANG_WARN__DUPLICATE_METHOD_MATCH = YES;
				"CODE_SIGN_IDENTITY[sdk=iphoneos*]" = "iPhone Developer";
				COPY_PHASE_STRIP = NO;
				DEBUG_INFORMATION_FORMAT = "dwarf-with-dsym";
				ENABLE_NS_ASSERTIONS = NO;
				ENABLE_STRICT_OBJC_MSGSEND = YES;
				GCC_C_LANGUAGE_STANDARD = gnu99;
				GCC_NO_COMMON_BLOCKS = YES;
				GCC_WARN_64_TO_32_BIT_CONVERSION = YES;
				GCC_WARN_ABOUT_RETURN_TYPE = YES_ERROR;
				GCC_WARN_UNDECLARED_SELECTOR = YES;
				GCC_WARN_UNINITIALIZED_AUTOS = YES_AGGRESSIVE;
				GCC_WARN_UNUSED_FUNCTION = YES;
				GCC_WARN_UNUSED_VARIABLE = YES;
				IPHONEOS_DEPLOYMENT_TARGET = 9.0;
				MTL_ENABLE_DEBUG_INFO = NO;
				SDKROOT = iphoneos;
				VALIDATE_PRODUCT = YES;
			};
			name = Release;
		};
		E4C9EF371B28633A0029B94C /* Debug */ = {
			isa = XCBuildConfiguration;
			buildSettings = {
				ASSETCATALOG_COMPILER_APPICON_NAME = AppIcon;
				INFOPLIST_FILE = Vaccine/Info.plist;
				IPHONEOS_DEPLOYMENT_TARGET = 8.3;
				LD_RUNPATH_SEARCH_PATHS = "$(inherited) @executable_path/Frameworks";
				PRODUCT_BUNDLE_IDENTIFIER = MoEE.Vaccine;
				PRODUCT_NAME = "$(TARGET_NAME)";
			};
			name = Debug;
		};
		E4C9EF381B28633A0029B94C /* Release */ = {
			isa = XCBuildConfiguration;
			buildSettings = {
				ASSETCATALOG_COMPILER_APPICON_NAME = AppIcon;
				INFOPLIST_FILE = Vaccine/Info.plist;
				IPHONEOS_DEPLOYMENT_TARGET = 8.3;
				LD_RUNPATH_SEARCH_PATHS = "$(inherited) @executable_path/Frameworks";
				PRODUCT_BUNDLE_IDENTIFIER = MoEE.Vaccine;
				PRODUCT_NAME = "$(TARGET_NAME)";
			};
			name = Release;
		};
		E4C9EF3A1B28633A0029B94C /* Debug */ = {
			isa = XCBuildConfiguration;
			buildSettings = {
				BUNDLE_LOADER = "$(TEST_HOST)";
				INFOPLIST_FILE = VaccineTests/Info.plist;
				LD_RUNPATH_SEARCH_PATHS = "$(inherited) @executable_path/Frameworks @loader_path/Frameworks";
				PRODUCT_BUNDLE_IDENTIFIER = MoEE.VaccineTests;
				PRODUCT_NAME = "$(TARGET_NAME)";
				TEST_HOST = "$(BUILT_PRODUCTS_DIR)/Vaccine.app/Vaccine";
			};
			name = Debug;
		};
		E4C9EF3B1B28633A0029B94C /* Release */ = {
			isa = XCBuildConfiguration;
			buildSettings = {
				BUNDLE_LOADER = "$(TEST_HOST)";
				INFOPLIST_FILE = VaccineTests/Info.plist;
				LD_RUNPATH_SEARCH_PATHS = "$(inherited) @executable_path/Frameworks @loader_path/Frameworks";
				PRODUCT_BUNDLE_IDENTIFIER = MoEE.VaccineTests;
				PRODUCT_NAME = "$(TARGET_NAME)";
				TEST_HOST = "$(BUILT_PRODUCTS_DIR)/Vaccine.app/Vaccine";
			};
			name = Release;
		};
		E4C9EF3D1B28633A0029B94C /* Debug */ = {
			isa = XCBuildConfiguration;
			buildSettings = {
				INFOPLIST_FILE = VaccineUITests/Info.plist;
				LD_RUNPATH_SEARCH_PATHS = "$(inherited) @executable_path/Frameworks @loader_path/Frameworks";
				PRODUCT_BUNDLE_IDENTIFIER = MoEE.VaccineUITests;
				PRODUCT_NAME = "$(TARGET_NAME)";
				TEST_TARGET_NAME = Vaccine;
				USES_XCTRUNNER = YES;
			};
			name = Debug;
		};
		E4C9EF3E1B28633A0029B94C /* Release */ = {
			isa = XCBuildConfiguration;
			buildSettings = {
				INFOPLIST_FILE = VaccineUITests/Info.plist;
				LD_RUNPATH_SEARCH_PATHS = "$(inherited) @executable_path/Frameworks @loader_path/Frameworks";
				PRODUCT_BUNDLE_IDENTIFIER = MoEE.VaccineUITests;
				PRODUCT_NAME = "$(TARGET_NAME)";
				TEST_TARGET_NAME = Vaccine;
				USES_XCTRUNNER = YES;
			};
			name = Release;
		};
/* End XCBuildConfiguration section */

/* Begin XCConfigurationList section */
		E4C9EF061B28633A0029B94C /* Build configuration list for PBXProject "Vaccine" */ = {
			isa = XCConfigurationList;
			buildConfigurations = (
				E4C9EF341B28633A0029B94C /* Debug */,
				E4C9EF351B28633A0029B94C /* Release */,
			);
			defaultConfigurationIsVisible = 0;
			defaultConfigurationName = Release;
		};
		E4C9EF361B28633A0029B94C /* Build configuration list for PBXNativeTarget "Vaccine" */ = {
			isa = XCConfigurationList;
			buildConfigurations = (
				E4C9EF371B28633A0029B94C /* Debug */,
				E4C9EF381B28633A0029B94C /* Release */,
			);
			defaultConfigurationIsVisible = 0;
			defaultConfigurationName = Release;
		};
		E4C9EF391B28633A0029B94C /* Build configuration list for PBXNativeTarget "VaccineTests" */ = {
			isa = XCConfigurationList;
			buildConfigurations = (
				E4C9EF3A1B28633A0029B94C /* Debug */,
				E4C9EF3B1B28633A0029B94C /* Release */,
			);
			defaultConfigurationIsVisible = 0;
			defaultConfigurationName = Release;
		};
		E4C9EF3C1B28633A0029B94C /* Build configuration list for PBXNativeTarget "VaccineUITests" */ = {
			isa = XCConfigurationList;
			buildConfigurations = (
				E4C9EF3D1B28633A0029B94C /* Debug */,
				E4C9EF3E1B28633A0029B94C /* Release */,
			);
			defaultConfigurationIsVisible = 0;
			defaultConfigurationName = Release;
		};
/* End XCConfigurationList section */

/* Begin XCVersionGroup section */
		E4C9EF151B28633A0029B94C /* Vaccine.xcdatamodeld */ = {
			isa = XCVersionGroup;
			children = (
				E4C9EF161B28633A0029B94C /* Vaccine.xcdatamodel */,
			);
			currentVersion = E4C9EF161B28633A0029B94C /* Vaccine.xcdatamodel */;
			path = Vaccine.xcdatamodeld;
			sourceTree = "<group>";
			versionGroupType = wrapper.xcdatamodel;
		};
/* End XCVersionGroup section */
	};
	rootObject = E4C9EF031B28633A0029B94C /* Project object */;
}
